// !$*UTF8*$!
{
	archiveVersion = 1;
	classes = {
	};
	objectVersion = 50;
	objects = {

/* Begin PBXBuildFile section */
		8959C69E2483603C00B045C1 /* AppDelegate.swift in Sources */ = {isa = PBXBuildFile; fileRef = 8959C69D2483603C00B045C1 /* AppDelegate.swift */; };
		8959C6A02483603C00B045C1 /* SceneDelegate.swift in Sources */ = {isa = PBXBuildFile; fileRef = 8959C69F2483603C00B045C1 /* SceneDelegate.swift */; };
		8959C6A22483603C00B045C1 /* ViewController.swift in Sources */ = {isa = PBXBuildFile; fileRef = 8959C6A12483603C00B045C1 /* ViewController.swift */; };
		8959C6A52483603C00B045C1 /* Main.storyboard in Resources */ = {isa = PBXBuildFile; fileRef = 8959C6A32483603C00B045C1 /* Main.storyboard */; };
		8959C6A72483603E00B045C1 /* Assets.xcassets in Resources */ = {isa = PBXBuildFile; fileRef = 8959C6A62483603E00B045C1 /* Assets.xcassets */; };
		8959C6AA2483603E00B045C1 /* LaunchScreen.storyboard in Resources */ = {isa = PBXBuildFile; fileRef = 8959C6A82483603E00B045C1 /* LaunchScreen.storyboard */; };
		8959C6B52483603E00B045C1 /* audio_player1Tests.swift in Sources */ = {isa = PBXBuildFile; fileRef = 8959C6B42483603E00B045C1 /* audio_player1Tests.swift */; };
		8959C6C02483603E00B045C1 /* audio_player1UITests.swift in Sources */ = {isa = PBXBuildFile; fileRef = 8959C6BF2483603E00B045C1 /* audio_player1UITests.swift */; };
		8959C6CE2483619D00B045C1 /* 04 - CRESCENDO (Instrumental).mp3 in Resources */ = {isa = PBXBuildFile; fileRef = 8959C6CD2483619D00B045C1 /* 04 - CRESCENDO (Instrumental).mp3 */; };
/* End PBXBuildFile section */

/* Begin PBXContainerItemProxy section */
		8959C6B12483603E00B045C1 /* PBXContainerItemProxy */ = {
			isa = PBXContainerItemProxy;
			containerPortal = 8959C6922483603C00B045C1 /* Project object */;
			proxyType = 1;
			remoteGlobalIDString = 8959C6992483603C00B045C1;
			remoteInfo = "audio player1";
		};
		8959C6BC2483603E00B045C1 /* PBXContainerItemProxy */ = {
			isa = PBXContainerItemProxy;
			containerPortal = 8959C6922483603C00B045C1 /* Project object */;
			proxyType = 1;
			remoteGlobalIDString = 8959C6992483603C00B045C1;
			remoteInfo = "audio player1";
		};
/* End PBXContainerItemProxy section */

/* Begin PBXFileReference section */
		8959C69A2483603C00B045C1 /* audio player1.app */ = {isa = PBXFileReference; explicitFileType = wrapper.application; includeInIndex = 0; path = "audio player1.app"; sourceTree = BUILT_PRODUCTS_DIR; };
		8959C69D2483603C00B045C1 /* AppDelegate.swift */ = {isa = PBXFileReference; lastKnownFileType = sourcecode.swift; path = AppDelegate.swift; sourceTree = "<group>"; };
		8959C69F2483603C00B045C1 /* SceneDelegate.swift */ = {isa = PBXFileReference; lastKnownFileType = sourcecode.swift; path = SceneDelegate.swift; sourceTree = "<group>"; };
		8959C6A12483603C00B045C1 /* ViewController.swift */ = {isa = PBXFileReference; lastKnownFileType = sourcecode.swift; path = ViewController.swift; sourceTree = "<group>"; };
		8959C6A42483603C00B045C1 /* Base */ = {isa = PBXFileReference; lastKnownFileType = file.storyboard; name = Base; path = Base.lproj/Main.storyboard; sourceTree = "<group>"; };
		8959C6A62483603E00B045C1 /* Assets.xcassets */ = {isa = PBXFileReference; lastKnownFileType = folder.assetcatalog; path = Assets.xcassets; sourceTree = "<group>"; };
		8959C6A92483603E00B045C1 /* Base */ = {isa = PBXFileReference; lastKnownFileType = file.storyboard; name = Base; path = Base.lproj/LaunchScreen.storyboard; sourceTree = "<group>"; };
		8959C6AB2483603E00B045C1 /* Info.plist */ = {isa = PBXFileReference; lastKnownFileType = text.plist.xml; path = Info.plist; sourceTree = "<group>"; };
		8959C6B02483603E00B045C1 /* audio player1Tests.xctest */ = {isa = PBXFileReference; explicitFileType = wrapper.cfbundle; includeInIndex = 0; path = "audio player1Tests.xctest"; sourceTree = BUILT_PRODUCTS_DIR; };
		8959C6B42483603E00B045C1 /* audio_player1Tests.swift */ = {isa = PBXFileReference; lastKnownFileType = sourcecode.swift; path = audio_player1Tests.swift; sourceTree = "<group>"; };
		8959C6B62483603E00B045C1 /* Info.plist */ = {isa = PBXFileReference; lastKnownFileType = text.plist.xml; path = Info.plist; sourceTree = "<group>"; };
		8959C6BB2483603E00B045C1 /* audio player1UITests.xctest */ = {isa = PBXFileReference; explicitFileType = wrapper.cfbundle; includeInIndex = 0; path = "audio player1UITests.xctest"; sourceTree = BUILT_PRODUCTS_DIR; };
		8959C6BF2483603E00B045C1 /* audio_player1UITests.swift */ = {isa = PBXFileReference; lastKnownFileType = sourcecode.swift; path = audio_player1UITests.swift; sourceTree = "<group>"; };
		8959C6C12483603E00B045C1 /* Info.plist */ = {isa = PBXFileReference; lastKnownFileType = text.plist.xml; path = Info.plist; sourceTree = "<group>"; };
		8959C6CD2483619D00B045C1 /* 04 - CRESCENDO (Instrumental).mp3 */ = {isa = PBXFileReference; lastKnownFileType = audio.mp3; path = "04 - CRESCENDO (Instrumental).mp3"; sourceTree = "<group>"; };
/* End PBXFileReference section */

/* Begin PBXFrameworksBuildPhase section */
		8959C6972483603C00B045C1 /* Frameworks */ = {
			isa = PBXFrameworksBuildPhase;
			buildActionMask = 2147483647;
			files = (
			);
			runOnlyForDeploymentPostprocessing = 0;
		};
		8959C6AD2483603E00B045C1 /* Frameworks */ = {
			isa = PBXFrameworksBuildPhase;
			buildActionMask = 2147483647;
			files = (
			);
			runOnlyForDeploymentPostprocessing = 0;
		};
		8959C6B82483603E00B045C1 /* Frameworks */ = {
			isa = PBXFrameworksBuildPhase;
			buildActionMask = 2147483647;
			files = (
			);
			runOnlyForDeploymentPostprocessing = 0;
		};
/* End PBXFrameworksBuildPhase section */

/* Begin PBXGroup section */
		8959C6912483603C00B045C1 = {
			isa = PBXGroup;
			children = (
				8959C69C2483603C00B045C1 /* audio player1 */,
				8959C6B32483603E00B045C1 /* audio player1Tests */,
				8959C6BE2483603E00B045C1 /* audio player1UITests */,
				8959C69B2483603C00B045C1 /* Products */,
			);
			sourceTree = "<group>";
		};
		8959C69B2483603C00B045C1 /* Products */ = {
			isa = PBXGroup;
			children = (
				8959C69A2483603C00B045C1 /* audio player1.app */,
				8959C6B02483603E00B045C1 /* audio player1Tests.xctest */,
				8959C6BB2483603E00B045C1 /* audio player1UITests.xctest */,
			);
			name = Products;
			sourceTree = "<group>";
		};
		8959C69C2483603C00B045C1 /* audio player1 */ = {
			isa = PBXGroup;
			children = (
				8959C69D2483603C00B045C1 /* AppDelegate.swift */,
				8959C69F2483603C00B045C1 /* SceneDelegate.swift */,
				8959C6A12483603C00B045C1 /* ViewController.swift */,
				8959C6A32483603C00B045C1 /* Main.storyboard */,
				8959C6CD2483619D00B045C1 /* 04 - CRESCENDO (Instrumental).mp3 */,
				8959C6A62483603E00B045C1 /* Assets.xcassets */,
				8959C6A82483603E00B045C1 /* LaunchScreen.storyboard */,
				8959C6AB2483603E00B045C1 /* Info.plist */,
			);
			path = "audio player1";
			sourceTree = "<group>";
		};
		8959C6B32483603E00B045C1 /* audio player1Tests */ = {
			isa = PBXGroup;
			children = (
				8959C6B42483603E00B045C1 /* audio_player1Tests.swift */,
				8959C6B62483603E00B045C1 /* Info.plist */,
			);
			path = "audio player1Tests";
			sourceTree = "<group>";
		};
		8959C6BE2483603E00B045C1 /* audio player1UITests */ = {
			isa = PBXGroup;
			children = (
				8959C6BF2483603E00B045C1 /* audio_player1UITests.swift */,
				8959C6C12483603E00B045C1 /* Info.plist */,
			);
			path = "audio player1UITests";
			sourceTree = "<group>";
		};
/* End PBXGroup section */

/* Begin PBXNativeTarget section */
		8959C6992483603C00B045C1 /* audio player1 */ = {
			isa = PBXNativeTarget;
			buildConfigurationList = 8959C6C42483603E00B045C1 /* Build configuration list for PBXNativeTarget "audio player1" */;
			buildPhases = (
				8959C6962483603C00B045C1 /* Sources */,
				8959C6972483603C00B045C1 /* Frameworks */,
				8959C6982483603C00B045C1 /* Resources */,
			);
			buildRules = (
			);
			dependencies = (
			);
			name = "audio player1";
			productName = "audio player1";
			productReference = 8959C69A2483603C00B045C1 /* audio player1.app */;
			productType = "com.apple.product-type.application";
		};
		8959C6AF2483603E00B045C1 /* audio player1Tests */ = {
			isa = PBXNativeTarget;
			buildConfigurationList = 8959C6C72483603E00B045C1 /* Build configuration list for PBXNativeTarget "audio player1Tests" */;
			buildPhases = (
				8959C6AC2483603E00B045C1 /* Sources */,
				8959C6AD2483603E00B045C1 /* Frameworks */,
				8959C6AE2483603E00B045C1 /* Resources */,
			);
			buildRules = (
			);
			dependencies = (
				8959C6B22483603E00B045C1 /* PBXTargetDependency */,
			);
			name = "audio player1Tests";
			productName = "audio player1Tests";
			productReference = 8959C6B02483603E00B045C1 /* audio player1Tests.xctest */;
			productType = "com.apple.product-type.bundle.unit-test";
		};
		8959C6BA2483603E00B045C1 /* audio player1UITests */ = {
			isa = PBXNativeTarget;
			buildConfigurationList = 8959C6CA2483603E00B045C1 /* Build configuration list for PBXNativeTarget "audio player1UITests" */;
			buildPhases = (
				8959C6B72483603E00B045C1 /* Sources */,
				8959C6B82483603E00B045C1 /* Frameworks */,
				8959C6B92483603E00B045C1 /* Resources */,
			);
			buildRules = (
			);
			dependencies = (
				8959C6BD2483603E00B045C1 /* PBXTargetDependency */,
			);
			name = "audio player1UITests";
			productName = "audio player1UITests";
			productReference = 8959C6BB2483603E00B045C1 /* audio player1UITests.xctest */;
			productType = "com.apple.product-type.bundle.ui-testing";
		};
/* End PBXNativeTarget section */

/* Begin PBXProject section */
		8959C6922483603C00B045C1 /* Project object */ = {
			isa = PBXProject;
			attributes = {
				LastSwiftUpdateCheck = 1120;
				LastUpgradeCheck = 1120;
				ORGANIZATIONNAME = "Hoang Vo";
				TargetAttributes = {
					8959C6992483603C00B045C1 = {
						CreatedOnToolsVersion = 11.2.1;
					};
					8959C6AF2483603E00B045C1 = {
						CreatedOnToolsVersion = 11.2.1;
						TestTargetID = 8959C6992483603C00B045C1;
					};
					8959C6BA2483603E00B045C1 = {
						CreatedOnToolsVersion = 11.2.1;
						TestTargetID = 8959C6992483603C00B045C1;
					};
				};
			};
			buildConfigurationList = 8959C6952483603C00B045C1 /* Build configuration list for PBXProject "audio player1" */;
			compatibilityVersion = "Xcode 9.3";
			developmentRegion = en;
			hasScannedForEncodings = 0;
			knownRegions = (
				en,
				Base,
			);
			mainGroup = 8959C6912483603C00B045C1;
			productRefGroup = 8959C69B2483603C00B045C1 /* Products */;
			projectDirPath = "";
			projectRoot = "";
			targets = (
				8959C6992483603C00B045C1 /* audio player1 */,
				8959C6AF2483603E00B045C1 /* audio player1Tests */,
				8959C6BA2483603E00B045C1 /* audio player1UITests */,
			);
		};
/* End PBXProject section */

/* Begin PBXResourcesBuildPhase section */
		8959C6982483603C00B045C1 /* Resources */ = {
			isa = PBXResourcesBuildPhase;
			buildActionMask = 2147483647;
			files = (
				8959C6AA2483603E00B045C1 /* LaunchScreen.storyboard in Resources */,
				8959C6A72483603E00B045C1 /* Assets.xcassets in Resources */,
				8959C6A52483603C00B045C1 /* Main.storyboard in Resources */,
				8959C6CE2483619D00B045C1 /* 04 - CRESCENDO (Instrumental).mp3 in Resources */,
			);
			runOnlyForDeploymentPostprocessing = 0;
		};
		8959C6AE2483603E00B045C1 /* Resources */ = {
			isa = PBXResourcesBuildPhase;
			buildActionMask = 2147483647;
			files = (
			);
			runOnlyForDeploymentPostprocessing = 0;
		};
		8959C6B92483603E00B045C1 /* Resources */ = {
			isa = PBXResourcesBuildPhase;
			buildActionMask = 2147483647;
			files = (
			);
			runOnlyForDeploymentPostprocessing = 0;
		};
/* End PBXResourcesBuildPhase section */

/* Begin PBXSourcesBuildPhase section */
		8959C6962483603C00B045C1 /* Sources */ = {
			isa = PBXSourcesBuildPhase;
			buildActionMask = 2147483647;
			files = (
				8959C6A22483603C00B045C1 /* ViewController.swift in Sources */,
				8959C69E2483603C00B045C1 /* AppDelegate.swift in Sources */,
				8959C6A02483603C00B045C1 /* SceneDelegate.swift in Sources */,
			);
			runOnlyForDeploymentPostprocessing = 0;
		};
		8959C6AC2483603E00B045C1 /* Sources */ = {
			isa = PBXSourcesBuildPhase;
			buildActionMask = 2147483647;
			files = (
				8959C6B52483603E00B045C1 /* audio_player1Tests.swift in Sources */,
			);
			runOnlyForDeploymentPostprocessing = 0;
		};
		8959C6B72483603E00B045C1 /* Sources */ = {
			isa = PBXSourcesBuildPhase;
			buildActionMask = 2147483647;
			files = (
				8959C6C02483603E00B045C1 /* audio_player1UITests.swift in Sources */,
			);
			runOnlyForDeploymentPostprocessing = 0;
		};
/* End PBXSourcesBuildPhase section */

/* Begin PBXTargetDependency section */
		8959C6B22483603E00B045C1 /* PBXTargetDependency */ = {
			isa = PBXTargetDependency;
			target = 8959C6992483603C00B045C1 /* audio player1 */;
			targetProxy = 8959C6B12483603E00B045C1 /* PBXContainerItemProxy */;
		};
		8959C6BD2483603E00B045C1 /* PBXTargetDependency */ = {
			isa = PBXTargetDependency;
			target = 8959C6992483603C00B045C1 /* audio player1 */;
			targetProxy = 8959C6BC2483603E00B045C1 /* PBXContainerItemProxy */;
		};
/* End PBXTargetDependency section */

/* Begin PBXVariantGroup section */
		8959C6A32483603C00B045C1 /* Main.storyboard */ = {
			isa = PBXVariantGroup;
			children = (
				8959C6A42483603C00B045C1 /* Base */,
			);
			name = Main.storyboard;
			sourceTree = "<group>";
		};
		8959C6A82483603E00B045C1 /* LaunchScreen.storyboard */ = {
			isa = PBXVariantGroup;
			children = (
				8959C6A92483603E00B045C1 /* Base */,
			);
			name = LaunchScreen.storyboard;
			sourceTree = "<group>";
		};
/* End PBXVariantGroup section */

/* Begin XCBuildConfiguration section */
		8959C6C22483603E00B045C1 /* Debug */ = {
			isa = XCBuildConfiguration;
			buildSettings = {
				ALWAYS_SEARCH_USER_PATHS = NO;
				CLANG_ANALYZER_NONNULL = YES;
				CLANG_ANALYZER_NUMBER_OBJECT_CONVERSION = YES_AGGRESSIVE;
				CLANG_CXX_LANGUAGE_STANDARD = "gnu++14";
				CLANG_CXX_LIBRARY = "libc++";
				CLANG_ENABLE_MODULES = YES;
				CLANG_ENABLE_OBJC_ARC = YES;
				CLANG_ENABLE_OBJC_WEAK = YES;
				CLANG_WARN_BLOCK_CAPTURE_AUTORELEASING = YES;
				CLANG_WARN_BOOL_CONVERSION = YES;
				CLANG_WARN_COMMA = YES;
				CLANG_WARN_CONSTANT_CONVERSION = YES;
				CLANG_WARN_DEPRECATED_OBJC_IMPLEMENTATIONS = YES;
				CLANG_WARN_DIRECT_OBJC_ISA_USAGE = YES_ERROR;
				CLANG_WARN_DOCUMENTATION_COMMENTS = YES;
				CLANG_WARN_EMPTY_BODY = YES;
				CLANG_WARN_ENUM_CONVERSION = YES;
				CLANG_WARN_INFINITE_RECURSION = YES;
				CLANG_WARN_INT_CONVERSION = YES;
				CLANG_WARN_NON_LITERAL_NULL_CONVERSION = YES;
				CLANG_WARN_OBJC_IMPLICIT_RETAIN_SELF = YES;
				CLANG_WARN_OBJC_LITERAL_CONVERSION = YES;
				CLANG_WARN_OBJC_ROOT_CLASS = YES_ERROR;
				CLANG_WARN_RANGE_LOOP_ANALYSIS = YES;
				CLANG_WARN_STRICT_PROTOTYPES = YES;
				CLANG_WARN_SUSPICIOUS_MOVE = YES;
				CLANG_WARN_UNGUARDED_AVAILABILITY = YES_AGGRESSIVE;
				CLANG_WARN_UNREACHABLE_CODE = YES;
				CLANG_WARN__DUPLICATE_METHOD_MATCH = YES;
				COPY_PHASE_STRIP = NO;
				DEBUG_INFORMATION_FORMAT = dwarf;
				ENABLE_STRICT_OBJC_MSGSEND = YES;
				ENABLE_TESTABILITY = YES;
				GCC_C_LANGUAGE_STANDARD = gnu11;
				GCC_DYNAMIC_NO_PIC = NO;
				GCC_NO_COMMON_BLOCKS = YES;
				GCC_OPTIMIZATION_LEVEL = 0;
				GCC_PREPROCESSOR_DEFINITIONS = (
					"DEBUG=1",
					"$(inherited)",
				);
				GCC_WARN_64_TO_32_BIT_CONVERSION = YES;
				GCC_WARN_ABOUT_RETURN_TYPE = YES_ERROR;
				GCC_WARN_UNDECLARED_SELECTOR = YES;
				GCC_WARN_UNINITIALIZED_AUTOS = YES_AGGRESSIVE;
				GCC_WARN_UNUSED_FUNCTION = YES;
				GCC_WARN_UNUSED_VARIABLE = YES;
				IPHONEOS_DEPLOYMENT_TARGET = 13.2;
				MTL_ENABLE_DEBUG_INFO = INCLUDE_SOURCE;
				MTL_FAST_MATH = YES;
				ONLY_ACTIVE_ARCH = YES;
				SDKROOT = iphoneos;
				SWIFT_ACTIVE_COMPILATION_CONDITIONS = DEBUG;
				SWIFT_OPTIMIZATION_LEVEL = "-Onone";
			};
			name = Debug;
		};
		8959C6C32483603E00B045C1 /* Release */ = {
			isa = XCBuildConfiguration;
			buildSettings = {
				ALWAYS_SEARCH_USER_PATHS = NO;
				CLANG_ANALYZER_NONNULL = YES;
				CLANG_ANALYZER_NUMBER_OBJECT_CONVERSION = YES_AGGRESSIVE;
				CLANG_CXX_LANGUAGE_STANDARD = "gnu++14";
				CLANG_CXX_LIBRARY = "libc++";
				CLANG_ENABLE_MODULES = YES;
				CLANG_ENABLE_OBJC_ARC = YES;
				CLANG_ENABLE_OBJC_WEAK = YES;
				CLANG_WARN_BLOCK_CAPTURE_AUTORELEASING = YES;
				CLANG_WARN_BOOL_CONVERSION = YES;
				CLANG_WARN_COMMA = YES;
				CLANG_WARN_CONSTANT_CONVERSION = YES;
				CLANG_WARN_DEPRECATED_OBJC_IMPLEMENTATIONS = YES;
				CLANG_WARN_DIRECT_OBJC_ISA_USAGE = YES_ERROR;
				CLANG_WARN_DOCUMENTATION_COMMENTS = YES;
				CLANG_WARN_EMPTY_BODY = YES;
				CLANG_WARN_ENUM_CONVERSION = YES;
				CLANG_WARN_INFINITE_RECURSION = YES;
				CLANG_WARN_INT_CONVERSION = YES;
				CLANG_WARN_NON_LITERAL_NULL_CONVERSION = YES;
				CLANG_WARN_OBJC_IMPLICIT_RETAIN_SELF = YES;
				CLANG_WARN_OBJC_LITERAL_CONVERSION = YES;
				CLANG_WARN_OBJC_ROOT_CLASS = YES_ERROR;
				CLANG_WARN_RANGE_LOOP_ANALYSIS = YES;
				CLANG_WARN_STRICT_PROTOTYPES = YES;
				CLANG_WARN_SUSPICIOUS_MOVE = YES;
				CLANG_WARN_UNGUARDED_AVAILABILITY = YES_AGGRESSIVE;
				CLANG_WARN_UNREACHABLE_CODE = YES;
				CLANG_WARN__DUPLICATE_METHOD_MATCH = YES;
				COPY_PHASE_STRIP = NO;
				DEBUG_INFORMATION_FORMAT = "dwarf-with-dsym";
				ENABLE_NS_ASSERTIONS = NO;
				ENABLE_STRICT_OBJC_MSGSEND = YES;
				GCC_C_LANGUAGE_STANDARD = gnu11;
				GCC_NO_COMMON_BLOCKS = YES;
				GCC_WARN_64_TO_32_BIT_CONVERSION = YES;
				GCC_WARN_ABOUT_RETURN_TYPE = YES_ERROR;
				GCC_WARN_UNDECLARED_SELECTOR = YES;
				GCC_WARN_UNINITIALIZED_AUTOS = YES_AGGRESSIVE;
				GCC_WARN_UNUSED_FUNCTION = YES;
				GCC_WARN_UNUSED_VARIABLE = YES;
				IPHONEOS_DEPLOYMENT_TARGET = 13.2;
				MTL_ENABLE_DEBUG_INFO = NO;
				MTL_FAST_MATH = YES;
				SDKROOT = iphoneos;
				SWIFT_COMPILATION_MODE = wholemodule;
				SWIFT_OPTIMIZATION_LEVEL = "-O";
				VALIDATE_PRODUCT = YES;
			};
			name = Release;
		};
		8959C6C52483603E00B045C1 /* Debug */ = {
			isa = XCBuildConfiguration;
			buildSettings = {
				ASSETCATALOG_COMPILER_APPICON_NAME = AppIcon;
				CODE_SIGN_STYLE = Automatic;
				DEVELOPMENT_TEAM = T57KGCR6C8;
				INFOPLIST_FILE = "audio player1/Info.plist";
				LD_RUNPATH_SEARCH_PATHS = (
					"$(inherited)",
					"@executable_path/Frameworks",
				);
				PRODUCT_BUNDLE_IDENTIFIER = "Hoang.audio-player1";
				PRODUCT_NAME = "$(TARGET_NAME)";
				SWIFT_VERSION = 5.0;
				TARGETED_DEVICE_FAMILY = "1,2";
			};
			name = Debug;
		};
		8959C6C62483603E00B045C1 /* Release */ = {
			isa = XCBuildConfiguration;
			buildSettings = {
				ASSETCATALOG_COMPILER_APPICON_NAME = AppIcon;
				CODE_SIGN_STYLE = Automatic;
				DEVELOPMENT_TEAM = T57KGCR6C8;
				INFOPLIST_FILE = "audio player1/Info.plist";
				LD_RUNPATH_SEARCH_PATHS = (
					"$(inherited)",
					"@executable_path/Frameworks",
				);
				PRODUCT_BUNDLE_IDENTIFIER = "Hoang.audio-player1";
				PRODUCT_NAME = "$(TARGET_NAME)";
				SWIFT_VERSION = 5.0;
				TARGETED_DEVICE_FAMILY = "1,2";
			};
			name = Release;
		};
		8959C6C82483603E00B045C1 /* Debug */ = {
			isa = XCBuildConfiguration;
			buildSettings = {
				ALWAYS_EMBED_SWIFT_STANDARD_LIBRARIES = YES;
				BUNDLE_LOADER = "$(TEST_HOST)";
				CODE_SIGN_STYLE = Automatic;
				DEVELOPMENT_TEAM = T57KGCR6C8;
				INFOPLIST_FILE = "audio player1Tests/Info.plist";
				IPHONEOS_DEPLOYMENT_TARGET = 13.2;
				LD_RUNPATH_SEARCH_PATHS = (
					"$(inherited)",
					"@executable_path/Frameworks",
					"@loader_path/Frameworks",
				);
				PRODUCT_BUNDLE_IDENTIFIER = "Hoang.audio-player1Tests";
				PRODUCT_NAME = "$(TARGET_NAME)";
				SWIFT_VERSION = 5.0;
				TARGETED_DEVICE_FAMILY = "1,2";
				TEST_HOST = "$(BUILT_PRODUCTS_DIR)/audio player1.app/audio player1";
			};
			name = Debug;
		};
		8959C6C92483603E00B045C1 /* Release */ = {
			isa = XCBuildConfiguration;
			buildSettings = {
				ALWAYS_EMBED_SWIFT_STANDARD_LIBRARIES = YES;
				BUNDLE_LOADER = "$(TEST_HOST)";
				CODE_SIGN_STYLE = Automatic;
				DEVELOPMENT_TEAM = T57KGCR6C8;
				INFOPLIST_FILE = "audio player1Tests/Info.plist";
				IPHONEOS_DEPLOYMENT_TARGET = 13.2;
				LD_RUNPATH_SEARCH_PATHS = (
					"$(inherited)",
					"@executable_path/Frameworks",
					"@loader_path/Frameworks",
				);
				PRODUCT_BUNDLE_IDENTIFIER = "Hoang.audio-player1Tests";
				PRODUCT_NAME = "$(TARGET_NAME)";
				SWIFT_VERSION = 5.0;
				TARGETED_DEVICE_FAMILY = "1,2";
				TEST_HOST = "$(BUILT_PRODUCTS_DIR)/audio player1.app/audio player1";
			};
			name = Release;
		};
		8959C6CB2483603E00B045C1 /* Debug */ = {
			isa = XCBuildConfiguration;
			buildSettings = {
				ALWAYS_EMBED_SWIFT_STANDARD_LIBRARIES = YES;
				CODE_SIGN_STYLE = Automatic;
				DEVELOPMENT_TEAM = T57KGCR6C8;
				INFOPLIST_FILE = "audio player1UITests/Info.plist";
				LD_RUNPATH_SEARCH_PATHS = (
					"$(inherited)",
					"@executable_path/Frameworks",
					"@loader_path/Frameworks",
				);
				PRODUCT_BUNDLE_IDENTIFIER = "Hoang.audio-player1UITests";
				PRODUCT_NAME = "$(TARGET_NAME)";
				SWIFT_VERSION = 5.0;
				TARGETED_DEVICE_FAMILY = "1,2";
				TEST_TARGET_NAME = "audio player1";
			};
			name = Debug;
		};
		8959C6CC2483603E00B045C1 /* Release */ = {
			isa = XCBuildConfiguration;
			buildSettings = {
				ALWAYS_EMBED_SWIFT_STANDARD_LIBRARIES = YES;
				CODE_SIGN_STYLE = Automatic;
				DEVELOPMENT_TEAM = T57KGCR6C8;
				INFOPLIST_FILE = "audio player1UITests/Info.plist";
				LD_RUNPATH_SEARCH_PATHS = (
					"$(inherited)",
					"@executable_path/Frameworks",
					"@loader_path/Frameworks",
				);
				PRODUCT_BUNDLE_IDENTIFIER = "Hoang.audio-player1UITests";
				PRODUCT_NAME = "$(TARGET_NAME)";
				SWIFT_VERSION = 5.0;
				TARGETED_DEVICE_FAMILY = "1,2";
				TEST_TARGET_NAME = "audio player1";
			};
			name = Release;
		};
/* End XCBuildConfiguration section */

/* Begin XCConfigurationList section */
		8959C6952483603C00B045C1 /* Build configuration list for PBXProject "audio player1" */ = {
			isa = XCConfigurationList;
			buildConfigurations = (
				8959C6C22483603E00B045C1 /* Debug */,
				8959C6C32483603E00B045C1 /* Release */,
			);
			defaultConfigurationIsVisible = 0;
			defaultConfigurationName = Release;
		};
		8959C6C42483603E00B045C1 /* Build configuration list for PBXNativeTarget "audio player1" */ = {
			isa = XCConfigurationList;
			buildConfigurations = (
				8959C6C52483603E00B045C1 /* Debug */,
				8959C6C62483603E00B045C1 /* Release */,
			);
			defaultConfigurationIsVisible = 0;
			defaultConfigurationName = Release;
		};
		8959C6C72483603E00B045C1 /* Build configuration list for PBXNativeTarget "audio player1Tests" */ = {
			isa = XCConfigurationList;
			buildConfigurations = (
				8959C6C82483603E00B045C1 /* Debug */,
				8959C6C92483603E00B045C1 /* Release */,
			);
			defaultConfigurationIsVisible = 0;
			defaultConfigurationName = Release;
		};
		8959C6CA2483603E00B045C1 /* Build configuration list for PBXNativeTarget "audio player1UITests" */ = {
			isa = XCConfigurationList;
			buildConfigurations = (
				8959C6CB2483603E00B045C1 /* Debug */,
				8959C6CC2483603E00B045C1 /* Release */,
			);
			defaultConfigurationIsVisible = 0;
			defaultConfigurationName = Release;
		};
/* End XCConfigurationList section */
	};
	rootObject = 8959C6922483603C00B045C1 /* Project object */;
}
